
Microsoft Visual Studio Solution File, Format Version 12.00
# Visual Studio 15
Project("{FAE04EC0-301F-11D3-BF4B-00C04F79EFBC}") = "Assembly-CSharp-firstpass", "Assembly-CSharp-firstpass.csproj", "{F3B59B8A-AAFC-04A7-75FE-8C3CC5545B25}"
EndProject
Project("{FAE04EC0-301F-11D3-BF4B-00C04F79EFBC}") = "Assembly-CSharp", "Assembly-CSharp.csproj", "{D6B57D53-9440-C709-F5A6-6D4B6D5E9C67}"
EndProject
Project("{FAE04EC0-301F-11D3-BF4B-00C04F79EFBC}") = "Assembly-CSharp-Editor-firstpass", "Assembly-CSharp-Editor-firstpass.csproj", "{67943A5D-DFFF-8F9E-0998-7AC2E613C9F8}"
EndProject
Global
	GlobalSection(SolutionConfigurationPlatforms) = preSolution
		Debug|Any CPU = Debug|Any CPU
		Release|Any CPU = Release|Any CPU
	EndGlobalSection
	GlobalSection(ProjectConfigurationPlatforms) = postSolution
		{F3B59B8A-AAFC-04A7-75FE-8C3CC5545B25}.Debug|Any CPU.ActiveCfg = Debug|Any CPU
		{F3B59B8A-AAFC-04A7-75FE-8C3CC5545B25}.Debug|Any CPU.Build.0 = Debug|Any CPU
		{F3B59B8A-AAFC-04A7-75FE-8C3CC5545B25}.Release|Any CPU.ActiveCfg = Release|Any CPU
		{F3B59B8A-AAFC-04A7-75FE-8C3CC5545B25}.Release|Any CPU.Build.0 = Release|Any CPU
		{D6B57D53-9440-C709-F5A6-6D4B6D5E9C67}.Debug|Any CPU.ActiveCfg = Debug|Any CPU
		{D6B57D53-9440-C709-F5A6-6D4B6D5E9C67}.Debug|Any CPU.Build.0 = Debug|Any CPU
		{D6B57D53-9440-C709-F5A6-6D4B6D5E9C67}.Release|Any CPU.ActiveCfg = Release|Any CPU
		{D6B57D53-9440-C709-F5A6-6D4B6D5E9C67}.Release|Any CPU.Build.0 = Release|Any CPU
		{67943A5D-DFFF-8F9E-0998-7AC2E613C9F8}.Debug|Any CPU.ActiveCfg = Debug|Any CPU
		{67943A5D-DFFF-8F9E-0998-7AC2E613C9F8}.Debug|Any CPU.Build.0 = Debug|Any CPU
		{67943A5D-DFFF-8F9E-0998-7AC2E613C9F8}.Release|Any CPU.ActiveCfg = Release|Any CPU
		{67943A5D-DFFF-8F9E-0998-7AC2E613C9F8}.Release|Any CPU.Build.0 = Release|Any CPU
	EndGlobalSection
	GlobalSection(SolutionProperties) = preSolution
		HideSolutionNode = FALSE
	EndGlobalSection
EndGlobal
